{
  "name": "video chat",
  "lockfileVersion": 3,
  "requires": true,
  "packages": {
    "": {
      "dependencies": {
        "@zegocloud/zego-uikit-prebuilt": "^1.8.5"
      }
    },
    "node_modules/@zegocloud/zego-uikit-prebuilt": {
      "version": "1.8.5",
      "resolved": "https://registry.npmjs.org/@zegocloud/zego-uikit-prebuilt/-/zego-uikit-prebuilt-1.8.5.tgz",
      "integrity": "sha512-TXRItkf60tGZP2+o2hf+d619OqDaPpjt/Xv66M9WPagCGFiWDT1gzjfE0bLq5wcXk4Fe9sJZ6tdYiXO89bduOg=="
    }
  }
}
